
Microsoft Visual Studio Solution File, Format Version 12.00
# Visual Studio Version 17
VisualStudioVersion = 17.6.33712.159
MinimumVisualStudioVersion = 10.0.40219.1
Project("{8BC9CEB8-8B4A-11D0-8D11-00A0C91BC942}") = "Server", "Server\Server.vcxproj", "{335D029B-61FF-4D47-922D-31154E9EEAEF}"
EndProject
Project("{8BC9CEB8-8B4A-11D0-8D11-00A0C91BC942}") = "Client", "Client\Client.vcxproj", "{6955C49F-0B0D-46C5-A4ED-30303A1FD44A}"
EndProject
Global
	GlobalSection(SolutionConfigurationPlatforms) = preSolution
		Debug|x64 = Debug|x64
		Debug|x86 = Debug|x86
		Release|x64 = Release|x64
		Release|x86 = Release|x86
	EndGlobalSection
	GlobalSection(ProjectConfigurationPlatforms) = postSolution
		{335D029B-61FF-4D47-922D-31154E9EEAEF}.Debug|x64.ActiveCfg = Debug|x64
		{335D029B-61FF-4D47-922D-31154E9EEAEF}.Debug|x64.Build.0 = Debug|x64
		{335D029B-61FF-4D47-922D-31154E9EEAEF}.Debug|x86.ActiveCfg = Debug|Win32
		{335D029B-61FF-4D47-922D-31154E9EEAEF}.Debug|x86.Build.0 = Debug|Win32
		{335D029B-61FF-4D47-922D-31154E9EEAEF}.Release|x64.ActiveCfg = Release|x64
		{335D029B-61FF-4D47-922D-31154E9EEAEF}.Release|x64.Build.0 = Release|x64
		{335D029B-61FF-4D47-922D-31154E9EEAEF}.Release|x86.ActiveCfg = Release|Win32
		{335D029B-61FF-4D47-922D-31154E9EEAEF}.Release|x86.Build.0 = Release|Win32
		{6955C49F-0B0D-46C5-A4ED-30303A1FD44A}.Debug|x64.ActiveCfg = Debug|x64
		{6955C49F-0B0D-46C5-A4ED-30303A1FD44A}.Debug|x64.Build.0 = Debug|x64
		{6955C49F-0B0D-46C5-A4ED-30303A1FD44A}.Debug|x86.ActiveCfg = Debug|Win32
		{6955C49F-0B0D-46C5-A4ED-30303A1FD44A}.Debug|x86.Build.0 = Debug|Win32
		{6955C49F-0B0D-46C5-A4ED-30303A1FD44A}.Release|x64.ActiveCfg = Release|x64
		{6955C49F-0B0D-46C5-A4ED-30303A1FD44A}.Release|x64.Build.0 = Release|x64
		{6955C49F-0B0D-46C5-A4ED-30303A1FD44A}.Release|x86.ActiveCfg = Release|Win32
		{6955C49F-0B0D-46C5-A4ED-30303A1FD44A}.Release|x86.Build.0 = Release|Win32
	EndGlobalSection
	GlobalSection(SolutionProperties) = preSolution
		HideSolutionNode = FALSE
	EndGlobalSection
	GlobalSection(ExtensibilityGlobals) = postSolution
		SolutionGuid = {BA9A9E6B-4342-4973-9132-1938FA4FBEA1}
	EndGlobalSection
EndGlobal
